
Microsoft Visual Studio Solution File, Format Version 12.00
# Visual Studio Version 16
VisualStudioVersion = 16.0.31424.327
MinimumVisualStudioVersion = 10.0.40219.1
Project("{FAE04EC0-301F-11D3-BF4B-00C04F79EFBC}") = "exercice_2_poo", "exercice_2_poo\exercice_2_poo.csproj", "{2E68C031-12D8-4B20-BF51-9927B63BAF2E}"
EndProject
Global
	GlobalSection(SolutionConfigurationPlatforms) = preSolution
		Debug|Any CPU = Debug|Any CPU
		Release|Any CPU = Release|Any CPU
	EndGlobalSection
	GlobalSection(ProjectConfigurationPlatforms) = postSolution
		{2E68C031-12D8-4B20-BF51-9927B63BAF2E}.Debug|Any CPU.ActiveCfg = Debug|Any CPU
		{2E68C031-12D8-4B20-BF51-9927B63BAF2E}.Debug|Any CPU.Build.0 = Debug|Any CPU
		{2E68C031-12D8-4B20-BF51-9927B63BAF2E}.Release|Any CPU.ActiveCfg = Release|Any CPU
		{2E68C031-12D8-4B20-BF51-9927B63BAF2E}.Release|Any CPU.Build.0 = Release|Any CPU
	EndGlobalSection
	GlobalSection(SolutionProperties) = preSolution
		HideSolutionNode = FALSE
	EndGlobalSection
	GlobalSection(ExtensibilityGlobals) = postSolution
		SolutionGuid = {12A57A2C-8FA5-47B6-B317-3AE6BF51AFF1}
	EndGlobalSection
EndGlobal
